{
  "nodes": {
    "home-manager": {
      "inputs": {
        "nixpkgs": [
          "nixpkgs"
        ]
      },
      "locked": {
        "lastModified": 1729260213,
        "narHash": "sha256-jAvHoU/1y/yCuXzr2fNF+q6uKmr8Jj2xgAisK4QB9to=",
        "owner": "nix-community",
        "repo": "home-manager",
        "rev": "09a0c0c02953318bf94425738c7061ffdc4cba75",
        "type": "github"
      },
      "original": {
        "owner": "nix-community",
        "ref": "master",
        "repo": "home-manager",
        "type": "github"
      }
    },
    "nixpkgs": {
      "locked": {
        "lastModified": 1729070438,
        "narHash": "sha256-KOTTUfPkugH52avUvXGxvWy8ibKKj4genodIYUED+Kc=",
        "owner": "NixOS",
        "repo": "nixpkgs",
        "rev": "5785b6bb5eaae44e627d541023034e1601455827",
        "type": "github"
      },
      "original": {
        "owner": "NixOS",
        "ref": "nixos-unstable",
        "repo": "nixpkgs",
        "type": "github"
      }
    },
    "nur": {
      "locked": {
        "lastModified": 1729281115,
        "narHash": "sha256-YaBFkGK8lBBEYM0TcX8W3Uea9Jdue+YNuCxzOG97sn0=",
        "owner": "nix-community",
        "repo": "NUR",
        "rev": "1d80aab638867aeada9aaabaa1f17c520918fc29",
        "type": "github"
      },
      "original": {
        "owner": "nix-community",
        "repo": "NUR",
        "type": "github"
      }
    },
    "root": {
      "inputs": {
        "home-manager": "home-manager",
        "nixpkgs": "nixpkgs",
        "nur": "nur",
        "rust": "rust"
      }
    },
    "rust": {
      "flake": false,
      "locked": {
        "lastModified": 1,
        "narHash": "sha256-bw/CmPB8gs7yUQdX5RcU2SILoEf+3ZxZ7iRPmhomQlg=",
        "path": "rust.nix",
        "type": "path"
      },
      "original": {
        "path": "rust.nix",
        "type": "path"
      }
    }
  },
  "root": "root",
  "version": 7
}
