{
  "nodes": {
    "home-manager": {
      "inputs": {
        "nixpkgs": [
          "nixpkgs"
        ]
      },
      "locked": {
        "lastModified": 1729459288,
        "narHash": "sha256-gBOVJv+q6Mx8jGvwX7cE6J8+sZmi1uxpRVsO7WxvVuQ=",
        "owner": "nix-community",
        "repo": "home-manager",
        "rev": "1e27f213d77fc842603628bcf2df6681d7d08f7e",
        "type": "github"
      },
      "original": {
        "owner": "nix-community",
        "repo": "home-manager",
        "type": "github"
      }
    },
    "nixpkgs": {
      "locked": {
        "lastModified": 1729070438,
        "narHash": "sha256-KOTTUfPkugH52avUvXGxvWy8ibKKj4genodIYUED+Kc=",
        "owner": "NixOS",
        "repo": "nixpkgs",
        "rev": "5785b6bb5eaae44e627d541023034e1601455827",
        "type": "github"
      },
      "original": {
        "owner": "NixOS",
        "ref": "nixos-unstable",
        "repo": "nixpkgs",
        "type": "github"
      }
    },
    "nur": {
      "locked": {
        "lastModified": 1729281115,
        "narHash": "sha256-YaBFkGK8lBBEYM0TcX8W3Uea9Jdue+YNuCxzOG97sn0=",
        "owner": "nix-community",
        "repo": "NUR",
        "rev": "1d80aab638867aeada9aaabaa1f17c520918fc29",
        "type": "github"
      },
      "original": {
        "owner": "nix-community",
        "repo": "NUR",
        "type": "github"
      }
    },
    "plasma-manager": {
      "inputs": {
        "home-manager": [
          "home-manager"
        ],
        "nixpkgs": [
          "nixpkgs"
        ]
      },
      "locked": {
        "lastModified": 1729372184,
        "narHash": "sha256-Tb2/jJ74pt0nmfprkOW1g5zZphJTNbzLnyDENM+c5+I=",
        "owner": "nix-community",
        "repo": "plasma-manager",
        "rev": "9390dadadc58ffda8e494b31ef66a4ae041f6dd1",
        "type": "github"
      },
      "original": {
        "owner": "nix-community",
        "repo": "plasma-manager",
        "type": "github"
      }
    },
    "root": {
      "inputs": {
        "home-manager": "home-manager",
        "nixpkgs": "nixpkgs",
        "nur": "nur",
        "plasma-manager": "plasma-manager",
        "rust": "rust"
      }
    },
    "rust": {
      "flake": false,
      "locked": {
        "lastModified": 1,
        "narHash": "sha256-bw/CmPB8gs7yUQdX5RcU2SILoEf+3ZxZ7iRPmhomQlg=",
        "path": "rust.nix",
        "type": "path"
      },
      "original": {
        "path": "rust.nix",
        "type": "path"
      }
    }
  },
  "root": "root",
  "version": 7
}
